
Microsoft Visual Studio Solution File, Format Version 12.00
# Visual Studio Version 17
VisualStudioVersion = 17.14.36212.18
MinimumVisualStudioVersion = 10.0.40219.1
Project("{FAE04EC0-301F-11D3-BF4B-00C04F79EFBC}") = "EL2AuthorizedReset", "EL2AuthorizedReset\EL2AuthorizedReset.csproj", "{0CB099C0-C64A-4758-B43E-D7E4FA37A6B0}"
EndProject
Project("{FAE04EC0-301F-11D3-BF4B-00C04F79EFBC}") = "AdminInterface", "AdminInterface\AdminInterface.csproj", "{6B4AFD61-ECCA-4D09-B0B4-252CE967CECE}"
EndProject
Global
	GlobalSection(SolutionConfigurationPlatforms) = preSolution
		Debug|Any CPU = Debug|Any CPU
		Release|Any CPU = Release|Any CPU
	EndGlobalSection
	GlobalSection(ProjectConfigurationPlatforms) = postSolution
		{0CB099C0-C64A-4758-B43E-D7E4FA37A6B0}.Debug|Any CPU.ActiveCfg = Debug|Any CPU
		{0CB099C0-C64A-4758-B43E-D7E4FA37A6B0}.Debug|Any CPU.Build.0 = Debug|Any CPU
		{0CB099C0-C64A-4758-B43E-D7E4FA37A6B0}.Release|Any CPU.ActiveCfg = Release|Any CPU
		{0CB099C0-C64A-4758-B43E-D7E4FA37A6B0}.Release|Any CPU.Build.0 = Release|Any CPU
		{6B4AFD61-ECCA-4D09-B0B4-252CE967CECE}.Debug|Any CPU.ActiveCfg = Debug|Any CPU
		{6B4AFD61-ECCA-4D09-B0B4-252CE967CECE}.Debug|Any CPU.Build.0 = Debug|Any CPU
		{6B4AFD61-ECCA-4D09-B0B4-252CE967CECE}.Release|Any CPU.ActiveCfg = Release|Any CPU
		{6B4AFD61-ECCA-4D09-B0B4-252CE967CECE}.Release|Any CPU.Build.0 = Release|Any CPU
	EndGlobalSection
	GlobalSection(SolutionProperties) = preSolution
		HideSolutionNode = FALSE
	EndGlobalSection
	GlobalSection(ExtensibilityGlobals) = postSolution
		SolutionGuid = {071C3FBC-5D7A-4995-8786-8C386B61EF1F}
	EndGlobalSection
EndGlobal
